
Microsoft Visual Studio Solution File, Format Version 12.00
# Visual Studio Version 16
VisualStudioVersion = 16.0.30413.136
MinimumVisualStudioVersion = 10.0.40219.1
Project("{F184B08F-C81C-45F6-A57F-5ABD9991F28F}") = "SampleVB", "SampleVB\SampleVB.vbproj", "{A6AAE4D7-E2A4-42BC-971D-AB5306E15723}"
EndProject
Project("{FAE04EC0-301F-11D3-BF4B-00C04F79EFBC}") = "SampleCSharp", "SampleCSharp\SampleCSharp.csproj", "{666C2EF2-6772-499B-80F2-8B00A5FEA4BB}"
EndProject
Project("{F184B08F-C81C-45F6-A57F-5ABD9991F28F}") = "TestLibOptimization", "TestLibOptimization\TestLibOptimization.vbproj", "{A247B94F-0E04-437F-8D84-A30F530A4D66}"
EndProject
Project("{F184B08F-C81C-45F6-A57F-5ABD9991F28F}") = "TestCode", "TestCode\TestCode.vbproj", "{EC308F05-CA3C-4333-908A-19D527FCC88A}"
EndProject
Project("{F184B08F-C81C-45F6-A57F-5ABD9991F28F}") = "TestLibOptimizationDotNet3.5", "TestLibOptimizationDotNet3.5\TestLibOptimizationDotNet3.5.vbproj", "{D0BA3FA6-4C49-497C-A873-56B07540397E}"
EndProject
Project("{778DAE3C-4631-46EA-AA77-85C1314464D9}") = "LibOptimization", "LibOptimization\LibOptimization.vbproj", "{2C280EED-8DE4-43BB-9466-000D65794E2D}"
EndProject
Project("{F184B08F-C81C-45F6-A57F-5ABD9991F28F}") = "TestLibOptimizationDotNetCore", "TestLibOptimizationDotNetCore\TestLibOptimizationDotNetCore.vbproj", "{903A86B9-3C51-4381-811C-685DB6678B16}"
EndProject
Global
	GlobalSection(SolutionConfigurationPlatforms) = preSolution
		Debug|Any CPU = Debug|Any CPU
		Debug|x64 = Debug|x64
		Debug|x86 = Debug|x86
		Release|Any CPU = Release|Any CPU
		Release|x64 = Release|x64
		Release|x86 = Release|x86
	EndGlobalSection
	GlobalSection(ProjectConfigurationPlatforms) = postSolution
		{A6AAE4D7-E2A4-42BC-971D-AB5306E15723}.Debug|Any CPU.ActiveCfg = Debug|Any CPU
		{A6AAE4D7-E2A4-42BC-971D-AB5306E15723}.Debug|Any CPU.Build.0 = Debug|Any CPU
		{A6AAE4D7-E2A4-42BC-971D-AB5306E15723}.Debug|x64.ActiveCfg = Debug|x64
		{A6AAE4D7-E2A4-42BC-971D-AB5306E15723}.Debug|x64.Build.0 = Debug|x64
		{A6AAE4D7-E2A4-42BC-971D-AB5306E15723}.Debug|x86.ActiveCfg = Debug|x86
		{A6AAE4D7-E2A4-42BC-971D-AB5306E15723}.Debug|x86.Build.0 = Debug|x86
		{A6AAE4D7-E2A4-42BC-971D-AB5306E15723}.Release|Any CPU.ActiveCfg = Release|Any CPU
		{A6AAE4D7-E2A4-42BC-971D-AB5306E15723}.Release|Any CPU.Build.0 = Release|Any CPU
		{A6AAE4D7-E2A4-42BC-971D-AB5306E15723}.Release|x64.ActiveCfg = Release|x64
		{A6AAE4D7-E2A4-42BC-971D-AB5306E15723}.Release|x64.Build.0 = Release|x64
		{A6AAE4D7-E2A4-42BC-971D-AB5306E15723}.Release|x86.ActiveCfg = Release|x86
		{A6AAE4D7-E2A4-42BC-971D-AB5306E15723}.Release|x86.Build.0 = Release|x86
		{666C2EF2-6772-499B-80F2-8B00A5FEA4BB}.Debug|Any CPU.ActiveCfg = Debug|Any CPU
		{666C2EF2-6772-499B-80F2-8B00A5FEA4BB}.Debug|Any CPU.Build.0 = Debug|Any CPU
		{666C2EF2-6772-499B-80F2-8B00A5FEA4BB}.Debug|x64.ActiveCfg = Debug|x64
		{666C2EF2-6772-499B-80F2-8B00A5FEA4BB}.Debug|x64.Build.0 = Debug|x64
		{666C2EF2-6772-499B-80F2-8B00A5FEA4BB}.Debug|x86.ActiveCfg = Debug|x86
		{666C2EF2-6772-499B-80F2-8B00A5FEA4BB}.Debug|x86.Build.0 = Debug|x86
		{666C2EF2-6772-499B-80F2-8B00A5FEA4BB}.Release|Any CPU.ActiveCfg = Release|Any CPU
		{666C2EF2-6772-499B-80F2-8B00A5FEA4BB}.Release|Any CPU.Build.0 = Release|Any CPU
		{666C2EF2-6772-499B-80F2-8B00A5FEA4BB}.Release|x64.ActiveCfg = Release|x64
		{666C2EF2-6772-499B-80F2-8B00A5FEA4BB}.Release|x64.Build.0 = Release|x64
		{666C2EF2-6772-499B-80F2-8B00A5FEA4BB}.Release|x86.ActiveCfg = Release|x86
		{666C2EF2-6772-499B-80F2-8B00A5FEA4BB}.Release|x86.Build.0 = Release|x86
		{A247B94F-0E04-437F-8D84-A30F530A4D66}.Debug|Any CPU.ActiveCfg = Debug|Any CPU
		{A247B94F-0E04-437F-8D84-A30F530A4D66}.Debug|Any CPU.Build.0 = Debug|Any CPU
		{A247B94F-0E04-437F-8D84-A30F530A4D66}.Debug|x64.ActiveCfg = Debug|x64
		{A247B94F-0E04-437F-8D84-A30F530A4D66}.Debug|x64.Build.0 = Debug|x64
		{A247B94F-0E04-437F-8D84-A30F530A4D66}.Debug|x86.ActiveCfg = Debug|x86
		{A247B94F-0E04-437F-8D84-A30F530A4D66}.Debug|x86.Build.0 = Debug|x86
		{A247B94F-0E04-437F-8D84-A30F530A4D66}.Release|Any CPU.ActiveCfg = Release|Any CPU
		{A247B94F-0E04-437F-8D84-A30F530A4D66}.Release|Any CPU.Build.0 = Release|Any CPU
		{A247B94F-0E04-437F-8D84-A30F530A4D66}.Release|x64.ActiveCfg = Release|x64
		{A247B94F-0E04-437F-8D84-A30F530A4D66}.Release|x64.Build.0 = Release|x64
		{A247B94F-0E04-437F-8D84-A30F530A4D66}.Release|x86.ActiveCfg = Release|x86
		{A247B94F-0E04-437F-8D84-A30F530A4D66}.Release|x86.Build.0 = Release|x86
		{EC308F05-CA3C-4333-908A-19D527FCC88A}.Debug|Any CPU.ActiveCfg = Debug|Any CPU
		{EC308F05-CA3C-4333-908A-19D527FCC88A}.Debug|Any CPU.Build.0 = Debug|Any CPU
		{EC308F05-CA3C-4333-908A-19D527FCC88A}.Debug|x64.ActiveCfg = Debug|x64
		{EC308F05-CA3C-4333-908A-19D527FCC88A}.Debug|x64.Build.0 = Debug|x64
		{EC308F05-CA3C-4333-908A-19D527FCC88A}.Debug|x86.ActiveCfg = Debug|x86
		{EC308F05-CA3C-4333-908A-19D527FCC88A}.Debug|x86.Build.0 = Debug|x86
		{EC308F05-CA3C-4333-908A-19D527FCC88A}.Release|Any CPU.ActiveCfg = Release|Any CPU
		{EC308F05-CA3C-4333-908A-19D527FCC88A}.Release|Any CPU.Build.0 = Release|Any CPU
		{EC308F05-CA3C-4333-908A-19D527FCC88A}.Release|x64.ActiveCfg = Release|x64
		{EC308F05-CA3C-4333-908A-19D527FCC88A}.Release|x64.Build.0 = Release|x64
		{EC308F05-CA3C-4333-908A-19D527FCC88A}.Release|x86.ActiveCfg = Release|x86
		{EC308F05-CA3C-4333-908A-19D527FCC88A}.Release|x86.Build.0 = Release|x86
		{D0BA3FA6-4C49-497C-A873-56B07540397E}.Debug|Any CPU.ActiveCfg = Debug|Any CPU
		{D0BA3FA6-4C49-497C-A873-56B07540397E}.Debug|Any CPU.Build.0 = Debug|Any CPU
		{D0BA3FA6-4C49-497C-A873-56B07540397E}.Debug|x64.ActiveCfg = Debug|x64
		{D0BA3FA6-4C49-497C-A873-56B07540397E}.Debug|x64.Build.0 = Debug|x64
		{D0BA3FA6-4C49-497C-A873-56B07540397E}.Debug|x86.ActiveCfg = Debug|x86
		{D0BA3FA6-4C49-497C-A873-56B07540397E}.Debug|x86.Build.0 = Debug|x86
		{D0BA3FA6-4C49-497C-A873-56B07540397E}.Release|Any CPU.ActiveCfg = Release|Any CPU
		{D0BA3FA6-4C49-497C-A873-56B07540397E}.Release|Any CPU.Build.0 = Release|Any CPU
		{D0BA3FA6-4C49-497C-A873-56B07540397E}.Release|x64.ActiveCfg = Release|x64
		{D0BA3FA6-4C49-497C-A873-56B07540397E}.Release|x64.Build.0 = Release|x64
		{D0BA3FA6-4C49-497C-A873-56B07540397E}.Release|x86.ActiveCfg = Release|x86
		{D0BA3FA6-4C49-497C-A873-56B07540397E}.Release|x86.Build.0 = Release|x86
		{2C280EED-8DE4-43BB-9466-000D65794E2D}.Debug|Any CPU.ActiveCfg = Debug|Any CPU
		{2C280EED-8DE4-43BB-9466-000D65794E2D}.Debug|Any CPU.Build.0 = Debug|Any CPU
		{2C280EED-8DE4-43BB-9466-000D65794E2D}.Debug|x64.ActiveCfg = Debug|Any CPU
		{2C280EED-8DE4-43BB-9466-000D65794E2D}.Debug|x64.Build.0 = Debug|Any CPU
		{2C280EED-8DE4-43BB-9466-000D65794E2D}.Debug|x86.ActiveCfg = Debug|x86
		{2C280EED-8DE4-43BB-9466-000D65794E2D}.Debug|x86.Build.0 = Debug|x86
		{2C280EED-8DE4-43BB-9466-000D65794E2D}.Release|Any CPU.ActiveCfg = Release|Any CPU
		{2C280EED-8DE4-43BB-9466-000D65794E2D}.Release|Any CPU.Build.0 = Release|Any CPU
		{2C280EED-8DE4-43BB-9466-000D65794E2D}.Release|x64.ActiveCfg = Release|Any CPU
		{2C280EED-8DE4-43BB-9466-000D65794E2D}.Release|x64.Build.0 = Release|Any CPU
		{2C280EED-8DE4-43BB-9466-000D65794E2D}.Release|x86.ActiveCfg = Release|Any CPU
		{2C280EED-8DE4-43BB-9466-000D65794E2D}.Release|x86.Build.0 = Release|Any CPU
		{903A86B9-3C51-4381-811C-685DB6678B16}.Debug|Any CPU.ActiveCfg = Debug|Any CPU
		{903A86B9-3C51-4381-811C-685DB6678B16}.Debug|Any CPU.Build.0 = Debug|Any CPU
		{903A86B9-3C51-4381-811C-685DB6678B16}.Debug|x64.ActiveCfg = Debug|Any CPU
		{903A86B9-3C51-4381-811C-685DB6678B16}.Debug|x64.Build.0 = Debug|Any CPU
		{903A86B9-3C51-4381-811C-685DB6678B16}.Debug|x86.ActiveCfg = Debug|x86
		{903A86B9-3C51-4381-811C-685DB6678B16}.Debug|x86.Build.0 = Debug|x86
		{903A86B9-3C51-4381-811C-685DB6678B16}.Release|Any CPU.ActiveCfg = Release|Any CPU
		{903A86B9-3C51-4381-811C-685DB6678B16}.Release|Any CPU.Build.0 = Release|Any CPU
		{903A86B9-3C51-4381-811C-685DB6678B16}.Release|x64.ActiveCfg = Release|Any CPU
		{903A86B9-3C51-4381-811C-685DB6678B16}.Release|x64.Build.0 = Release|Any CPU
		{903A86B9-3C51-4381-811C-685DB6678B16}.Release|x86.ActiveCfg = Release|Any CPU
		{903A86B9-3C51-4381-811C-685DB6678B16}.Release|x86.Build.0 = Release|Any CPU
	EndGlobalSection
	GlobalSection(SolutionProperties) = preSolution
		HideSolutionNode = FALSE
	EndGlobalSection
	GlobalSection(ExtensibilityGlobals) = postSolution
		SolutionGuid = {EE650439-4A17-416A-A79A-890AB1D2C24E}
	EndGlobalSection
EndGlobal
